// !$*UTF8*$!
{
	archiveVersion = 1;
	classes = {
	};
	objectVersion = 50;
	objects = {

/* Begin PBXBuildFile section */
		3666D64520A1A06F00EC030F /* AppDelegate.m in Sources */ = {isa = PBXBuildFile; fileRef = 3666D64420A1A06F00EC030F /* AppDelegate.m */; };
		3666D64B20A1A06F00EC030F /* Main.storyboard in Resources */ = {isa = PBXBuildFile; fileRef = 3666D64920A1A06F00EC030F /* Main.storyboard */; };
		3666D64D20A1A07100EC030F /* Assets.xcassets in Resources */ = {isa = PBXBuildFile; fileRef = 3666D64C20A1A07100EC030F /* Assets.xcassets */; };
		3666D65020A1A07100EC030F /* LaunchScreen.storyboard in Resources */ = {isa = PBXBuildFile; fileRef = 3666D64E20A1A07100EC030F /* LaunchScreen.storyboard */; };
		3666D65320A1A07100EC030F /* main.m in Sources */ = {isa = PBXBuildFile; fileRef = 3666D65220A1A07100EC030F /* main.m */; };
		3666D65C20A1A17B00EC030F /* SWBasePagingQueryModel.m in Sources */ = {isa = PBXBuildFile; fileRef = 3666D65B20A1A17B00EC030F /* SWBasePagingQueryModel.m */; };
		3666D65F20A1A83100EC030F /* MyPagingQueryModel.m in Sources */ = {isa = PBXBuildFile; fileRef = 3666D65E20A1A83100EC030F /* MyPagingQueryModel.m */; };
		36F95ABA20A2915C000F388B /* TableViewController.m in Sources */ = {isa = PBXBuildFile; fileRef = 36F95AB920A2915C000F388B /* TableViewController.m */; };
		36F95ABD20A2C9F0000F388B /* UIScrollView+SWBasePagingQuery.m in Sources */ = {isa = PBXBuildFile; fileRef = 36F95ABC20A2C9F0000F388B /* UIScrollView+SWBasePagingQuery.m */; };
		D278004869A91D7760246E16 /* libPods-SWBasePagingQueryModel.a in Frameworks */ = {isa = PBXBuildFile; fileRef = 3CDB2D9709E6E34440B3D9BB /* libPods-SWBasePagingQueryModel.a */; };
/* End PBXBuildFile section */

/* Begin PBXFileReference section */
		070DB117ABB53E9BC79F69DE /* Pods-SWBasePagingQueryModel.debug.xcconfig */ = {isa = PBXFileReference; includeInIndex = 1; lastKnownFileType = text.xcconfig; name = "Pods-SWBasePagingQueryModel.debug.xcconfig"; path = "Pods/Target Support Files/Pods-SWBasePagingQueryModel/Pods-SWBasePagingQueryModel.debug.xcconfig"; sourceTree = "<group>"; };
		3666D64020A1A06F00EC030F /* SWBasePagingQueryModel.app */ = {isa = PBXFileReference; explicitFileType = wrapper.application; includeInIndex = 0; path = SWBasePagingQueryModel.app; sourceTree = BUILT_PRODUCTS_DIR; };
		3666D64320A1A06F00EC030F /* AppDelegate.h */ = {isa = PBXFileReference; lastKnownFileType = sourcecode.c.h; path = AppDelegate.h; sourceTree = "<group>"; };
		3666D64420A1A06F00EC030F /* AppDelegate.m */ = {isa = PBXFileReference; lastKnownFileType = sourcecode.c.objc; path = AppDelegate.m; sourceTree = "<group>"; };
		3666D64A20A1A06F00EC030F /* Base */ = {isa = PBXFileReference; lastKnownFileType = file.storyboard; name = Base; path = Base.lproj/Main.storyboard; sourceTree = "<group>"; };
		3666D64C20A1A07100EC030F /* Assets.xcassets */ = {isa = PBXFileReference; lastKnownFileType = folder.assetcatalog; path = Assets.xcassets; sourceTree = "<group>"; };
		3666D64F20A1A07100EC030F /* Base */ = {isa = PBXFileReference; lastKnownFileType = file.storyboard; name = Base; path = Base.lproj/LaunchScreen.storyboard; sourceTree = "<group>"; };
		3666D65120A1A07100EC030F /* Info.plist */ = {isa = PBXFileReference; lastKnownFileType = text.plist.xml; path = Info.plist; sourceTree = "<group>"; };
		3666D65220A1A07100EC030F /* main.m */ = {isa = PBXFileReference; lastKnownFileType = sourcecode.c.objc; path = main.m; sourceTree = "<group>"; };
		3666D65A20A1A17B00EC030F /* SWBasePagingQueryModel.h */ = {isa = PBXFileReference; lastKnownFileType = sourcecode.c.h; path = SWBasePagingQueryModel.h; sourceTree = "<group>"; };
		3666D65B20A1A17B00EC030F /* SWBasePagingQueryModel.m */ = {isa = PBXFileReference; lastKnownFileType = sourcecode.c.objc; path = SWBasePagingQueryModel.m; sourceTree = "<group>"; };
		3666D65D20A1A83100EC030F /* MyPagingQueryModel.h */ = {isa = PBXFileReference; lastKnownFileType = sourcecode.c.h; path = MyPagingQueryModel.h; sourceTree = "<group>"; };
		3666D65E20A1A83100EC030F /* MyPagingQueryModel.m */ = {isa = PBXFileReference; lastKnownFileType = sourcecode.c.objc; path = MyPagingQueryModel.m; sourceTree = "<group>"; };
		36F95AB820A2915C000F388B /* TableViewController.h */ = {isa = PBXFileReference; lastKnownFileType = sourcecode.c.h; path = TableViewController.h; sourceTree = "<group>"; };
		36F95AB920A2915C000F388B /* TableViewController.m */ = {isa = PBXFileReference; lastKnownFileType = sourcecode.c.objc; path = TableViewController.m; sourceTree = "<group>"; };
		36F95ABB20A2C9F0000F388B /* UIScrollView+SWBasePagingQuery.h */ = {isa = PBXFileReference; lastKnownFileType = sourcecode.c.h; path = "UIScrollView+SWBasePagingQuery.h"; sourceTree = "<group>"; };
		36F95ABC20A2C9F0000F388B /* UIScrollView+SWBasePagingQuery.m */ = {isa = PBXFileReference; lastKnownFileType = sourcecode.c.objc; path = "UIScrollView+SWBasePagingQuery.m"; sourceTree = "<group>"; };
		3CDB2D9709E6E34440B3D9BB /* libPods-SWBasePagingQueryModel.a */ = {isa = PBXFileReference; explicitFileType = archive.ar; includeInIndex = 0; path = "libPods-SWBasePagingQueryModel.a"; sourceTree = BUILT_PRODUCTS_DIR; };
		BDE4DCF65DF48AB5ACC7352A /* Pods-SWBasePagingQueryModel.release.xcconfig */ = {isa = PBXFileReference; includeInIndex = 1; lastKnownFileType = text.xcconfig; name = "Pods-SWBasePagingQueryModel.release.xcconfig"; path = "Pods/Target Support Files/Pods-SWBasePagingQueryModel/Pods-SWBasePagingQueryModel.release.xcconfig"; sourceTree = "<group>"; };
/* End PBXFileReference section */

/* Begin PBXFrameworksBuildPhase section */
		3666D63D20A1A06F00EC030F /* Frameworks */ = {
			isa = PBXFrameworksBuildPhase;
			buildActionMask = 2147483647;
			files = (
				D278004869A91D7760246E16 /* libPods-SWBasePagingQueryModel.a in Frameworks */,
			);
			runOnlyForDeploymentPostprocessing = 0;
		};
/* End PBXFrameworksBuildPhase section */

/* Begin PBXGroup section */
		3666D63720A1A06F00EC030F = {
			isa = PBXGroup;
			children = (
				3666D64220A1A06F00EC030F /* SWBasePagingQueryModel */,
				3666D64120A1A06F00EC030F /* Products */,
				8A9154714D2F44F48A25BAC9 /* Pods */,
				F9428A2996091092845C7162 /* Frameworks */,
			);
			sourceTree = "<group>";
		};
		3666D64120A1A06F00EC030F /* Products */ = {
			isa = PBXGroup;
			children = (
				3666D64020A1A06F00EC030F /* SWBasePagingQueryModel.app */,
			);
			name = Products;
			sourceTree = "<group>";
		};
		3666D64220A1A06F00EC030F /* SWBasePagingQueryModel */ = {
			isa = PBXGroup;
			children = (
				3666D65920A1A16F00EC030F /* SWBasePagingQueryModel */,
				3666D64320A1A06F00EC030F /* AppDelegate.h */,
				3666D64420A1A06F00EC030F /* AppDelegate.m */,
				36F95AB820A2915C000F388B /* TableViewController.h */,
				36F95AB920A2915C000F388B /* TableViewController.m */,
				3666D65D20A1A83100EC030F /* MyPagingQueryModel.h */,
				3666D65E20A1A83100EC030F /* MyPagingQueryModel.m */,
				3666D64920A1A06F00EC030F /* Main.storyboard */,
				3666D64C20A1A07100EC030F /* Assets.xcassets */,
				3666D64E20A1A07100EC030F /* LaunchScreen.storyboard */,
				3666D65120A1A07100EC030F /* Info.plist */,
				3666D65220A1A07100EC030F /* main.m */,
			);
			path = SWBasePagingQueryModel;
			sourceTree = "<group>";
		};
		3666D65920A1A16F00EC030F /* SWBasePagingQueryModel */ = {
			isa = PBXGroup;
			children = (
				3666D65A20A1A17B00EC030F /* SWBasePagingQueryModel.h */,
				3666D65B20A1A17B00EC030F /* SWBasePagingQueryModel.m */,
				36F95ABB20A2C9F0000F388B /* UIScrollView+SWBasePagingQuery.h */,
				36F95ABC20A2C9F0000F388B /* UIScrollView+SWBasePagingQuery.m */,
			);
			path = SWBasePagingQueryModel;
			sourceTree = "<group>";
		};
		8A9154714D2F44F48A25BAC9 /* Pods */ = {
			isa = PBXGroup;
			children = (
				070DB117ABB53E9BC79F69DE /* Pods-SWBasePagingQueryModel.debug.xcconfig */,
				BDE4DCF65DF48AB5ACC7352A /* Pods-SWBasePagingQueryModel.release.xcconfig */,
			);
			name = Pods;
			sourceTree = "<group>";
		};
		F9428A2996091092845C7162 /* Frameworks */ = {
			isa = PBXGroup;
			children = (
				3CDB2D9709E6E34440B3D9BB /* libPods-SWBasePagingQueryModel.a */,
			);
			name = Frameworks;
			sourceTree = "<group>";
		};
/* End PBXGroup section */

/* Begin PBXNativeTarget section */
		3666D63F20A1A06F00EC030F /* SWBasePagingQueryModel */ = {
			isa = PBXNativeTarget;
			buildConfigurationList = 3666D65620A1A07100EC030F /* Build configuration list for PBXNativeTarget "SWBasePagingQueryModel" */;
			buildPhases = (
				418F2BC800108CB716326F5C /* [CP] Check Pods Manifest.lock */,
				3666D63C20A1A06F00EC030F /* Sources */,
				3666D63D20A1A06F00EC030F /* Frameworks */,
				3666D63E20A1A06F00EC030F /* Resources */,
				76DD18B7A7F5CB05E12BB234 /* [CP] Copy Pods Resources */,
			);
			buildRules = (
			);
			dependencies = (
			);
			name = SWBasePagingQueryModel;
			productName = SWBasePagingQueryModel;
			productReference = 3666D64020A1A06F00EC030F /* SWBasePagingQueryModel.app */;
			productType = "com.apple.product-type.application";
		};
/* End PBXNativeTarget section */

/* Begin PBXProject section */
		3666D63820A1A06F00EC030F /* Project object */ = {
			isa = PBXProject;
			attributes = {
				LastUpgradeCheck = 0930;
				ORGANIZATIONNAME = zhoushaowen;
				TargetAttributes = {
					3666D63F20A1A06F00EC030F = {
						CreatedOnToolsVersion = 9.3;
					};
				};
			};
			buildConfigurationList = 3666D63B20A1A06F00EC030F /* Build configuration list for PBXProject "SWBasePagingQueryModel" */;
			compatibilityVersion = "Xcode 9.3";
			developmentRegion = en;
			hasScannedForEncodings = 0;
			knownRegions = (
				en,
				Base,
			);
			mainGroup = 3666D63720A1A06F00EC030F;
			productRefGroup = 3666D64120A1A06F00EC030F /* Products */;
			projectDirPath = "";
			projectRoot = "";
			targets = (
				3666D63F20A1A06F00EC030F /* SWBasePagingQueryModel */,
			);
		};
/* End PBXProject section */

/* Begin PBXResourcesBuildPhase section */
		3666D63E20A1A06F00EC030F /* Resources */ = {
			isa = PBXResourcesBuildPhase;
			buildActionMask = 2147483647;
			files = (
				3666D65020A1A07100EC030F /* LaunchScreen.storyboard in Resources */,
				3666D64D20A1A07100EC030F /* Assets.xcassets in Resources */,
				3666D64B20A1A06F00EC030F /* Main.storyboard in Resources */,
			);
			runOnlyForDeploymentPostprocessing = 0;
		};
/* End PBXResourcesBuildPhase section */

/* Begin PBXShellScriptBuildPhase section */
		418F2BC800108CB716326F5C /* [CP] Check Pods Manifest.lock */ = {
			isa = PBXShellScriptBuildPhase;
			buildActionMask = 2147483647;
			files = (
			);
			inputPaths = (
				"${PODS_PODFILE_DIR_PATH}/Podfile.lock",
				"${PODS_ROOT}/Manifest.lock",
			);
			name = "[CP] Check Pods Manifest.lock";
			outputPaths = (
				"$(DERIVED_FILE_DIR)/Pods-SWBasePagingQueryModel-checkManifestLockResult.txt",
			);
			runOnlyForDeploymentPostprocessing = 0;
			shellPath = /bin/sh;
			shellScript = "diff \"${PODS_PODFILE_DIR_PATH}/Podfile.lock\" \"${PODS_ROOT}/Manifest.lock\" > /dev/null\nif [ $? != 0 ] ; then\n    # print error to STDERR\n    echo \"error: The sandbox is not in sync with the Podfile.lock. Run 'pod install' or update your CocoaPods installation.\" >&2\n    exit 1\nfi\n# This output is used by Xcode 'outputs' to avoid re-running this script phase.\necho \"SUCCESS\" > \"${SCRIPT_OUTPUT_FILE_0}\"\n";
			showEnvVarsInLog = 0;
		};
		76DD18B7A7F5CB05E12BB234 /* [CP] Copy Pods Resources */ = {
			isa = PBXShellScriptBuildPhase;
			buildActionMask = 2147483647;
			files = (
			);
			inputPaths = (
				"${SRCROOT}/Pods/Target Support Files/Pods-SWBasePagingQueryModel/Pods-SWBasePagingQueryModel-resources.sh",
				"${PODS_ROOT}/MJRefresh/MJRefresh/MJRefresh.bundle",
			);
			name = "[CP] Copy Pods Resources";
			outputPaths = (
				"${TARGET_BUILD_DIR}/${UNLOCALIZED_RESOURCES_FOLDER_PATH}/MJRefresh.bundle",
			);
			runOnlyForDeploymentPostprocessing = 0;
			shellPath = /bin/sh;
			shellScript = "\"${SRCROOT}/Pods/Target Support Files/Pods-SWBasePagingQueryModel/Pods-SWBasePagingQueryModel-resources.sh\"\n";
			showEnvVarsInLog = 0;
		};
/* End PBXShellScriptBuildPhase section */

/* Begin PBXSourcesBuildPhase section */
		3666D63C20A1A06F00EC030F /* Sources */ = {
			isa = PBXSourcesBuildPhase;
			buildActionMask = 2147483647;
			files = (
				3666D65F20A1A83100EC030F /* MyPagingQueryModel.m in Sources */,
				36F95ABA20A2915C000F388B /* TableViewController.m in Sources */,
				36F95ABD20A2C9F0000F388B /* UIScrollView+SWBasePagingQuery.m in Sources */,
				3666D65C20A1A17B00EC030F /* SWBasePagingQueryModel.m in Sources */,
				3666D65320A1A07100EC030F /* main.m in Sources */,
				3666D64520A1A06F00EC030F /* AppDelegate.m in Sources */,
			);
			runOnlyForDeploymentPostprocessing = 0;
		};
/* End PBXSourcesBuildPhase section */

/* Begin PBXVariantGroup section */
		3666D64920A1A06F00EC030F /* Main.storyboard */ = {
			isa = PBXVariantGroup;
			children = (
				3666D64A20A1A06F00EC030F /* Base */,
			);
			name = Main.storyboard;
			sourceTree = "<group>";
		};
		3666D64E20A1A07100EC030F /* LaunchScreen.storyboard */ = {
			isa = PBXVariantGroup;
			children = (
				3666D64F20A1A07100EC030F /* Base */,
			);
			name = LaunchScreen.storyboard;
			sourceTree = "<group>";
		};
/* End PBXVariantGroup section */

/* Begin XCBuildConfiguration section */
		3666D65420A1A07100EC030F /* Debug */ = {
			isa = XCBuildConfiguration;
			buildSettings = {
				ALWAYS_SEARCH_USER_PATHS = NO;
				CLANG_ANALYZER_NONNULL = YES;
				CLANG_ANALYZER_NUMBER_OBJECT_CONVERSION = YES_AGGRESSIVE;
				CLANG_CXX_LANGUAGE_STANDARD = "gnu++14";
				CLANG_CXX_LIBRARY = "libc++";
				CLANG_ENABLE_MODULES = YES;
				CLANG_ENABLE_OBJC_ARC = YES;
				CLANG_ENABLE_OBJC_WEAK = YES;
				CLANG_WARN_BLOCK_CAPTURE_AUTORELEASING = YES;
				CLANG_WARN_BOOL_CONVERSION = YES;
				CLANG_WARN_COMMA = YES;
				CLANG_WARN_CONSTANT_CONVERSION = YES;
				CLANG_WARN_DEPRECATED_OBJC_IMPLEMENTATIONS = YES;
				CLANG_WARN_DIRECT_OBJC_ISA_USAGE = YES_ERROR;
				CLANG_WARN_DOCUMENTATION_COMMENTS = YES;
				CLANG_WARN_EMPTY_BODY = YES;
				CLANG_WARN_ENUM_CONVERSION = YES;
				CLANG_WARN_INFINITE_RECURSION = YES;
				CLANG_WARN_INT_CONVERSION = YES;
				CLANG_WARN_NON_LITERAL_NULL_CONVERSION = YES;
				CLANG_WARN_OBJC_IMPLICIT_RETAIN_SELF = YES;
				CLANG_WARN_OBJC_LITERAL_CONVERSION = YES;
				CLANG_WARN_OBJC_ROOT_CLASS = YES_ERROR;
				CLANG_WARN_RANGE_LOOP_ANALYSIS = YES;
				CLANG_WARN_STRICT_PROTOTYPES = YES;
				CLANG_WARN_SUSPICIOUS_MOVE = YES;
				CLANG_WARN_UNGUARDED_AVAILABILITY = YES_AGGRESSIVE;
				CLANG_WARN_UNREACHABLE_CODE = YES;
				CLANG_WARN__DUPLICATE_METHOD_MATCH = YES;
				CODE_SIGN_IDENTITY = "iPhone Developer";
				COPY_PHASE_STRIP = NO;
				DEBUG_INFORMATION_FORMAT = dwarf;
				ENABLE_STRICT_OBJC_MSGSEND = YES;
				ENABLE_TESTABILITY = YES;
				GCC_C_LANGUAGE_STANDARD = gnu11;
				GCC_DYNAMIC_NO_PIC = NO;
				GCC_NO_COMMON_BLOCKS = YES;
				GCC_OPTIMIZATION_LEVEL = 0;
				GCC_PREPROCESSOR_DEFINITIONS = (
					"DEBUG=1",
					"$(inherited)",
				);
				GCC_WARN_64_TO_32_BIT_CONVERSION = YES;
				GCC_WARN_ABOUT_RETURN_TYPE = YES_ERROR;
				GCC_WARN_UNDECLARED_SELECTOR = YES;
				GCC_WARN_UNINITIALIZED_AUTOS = YES_AGGRESSIVE;
				GCC_WARN_UNUSED_FUNCTION = YES;
				GCC_WARN_UNUSED_VARIABLE = YES;
				IPHONEOS_DEPLOYMENT_TARGET = 11.3;
				MTL_ENABLE_DEBUG_INFO = YES;
				ONLY_ACTIVE_ARCH = YES;
				SDKROOT = iphoneos;
			};
			name = Debug;
		};
		3666D65520A1A07100EC030F /* Release */ = {
			isa = XCBuildConfiguration;
			buildSettings = {
				ALWAYS_SEARCH_USER_PATHS = NO;
				CLANG_ANALYZER_NONNULL = YES;
				CLANG_ANALYZER_NUMBER_OBJECT_CONVERSION = YES_AGGRESSIVE;
				CLANG_CXX_LANGUAGE_STANDARD = "gnu++14";
				CLANG_CXX_LIBRARY = "libc++";
				CLANG_ENABLE_MODULES = YES;
				CLANG_ENABLE_OBJC_ARC = YES;
				CLANG_ENABLE_OBJC_WEAK = YES;
				CLANG_WARN_BLOCK_CAPTURE_AUTORELEASING = YES;
				CLANG_WARN_BOOL_CONVERSION = YES;
				CLANG_WARN_COMMA = YES;
				CLANG_WARN_CONSTANT_CONVERSION = YES;
				CLANG_WARN_DEPRECATED_OBJC_IMPLEMENTATIONS = YES;
				CLANG_WARN_DIRECT_OBJC_ISA_USAGE = YES_ERROR;
				CLANG_WARN_DOCUMENTATION_COMMENTS = YES;
				CLANG_WARN_EMPTY_BODY = YES;
				CLANG_WARN_ENUM_CONVERSION = YES;
				CLANG_WARN_INFINITE_RECURSION = YES;
				CLANG_WARN_INT_CONVERSION = YES;
				CLANG_WARN_NON_LITERAL_NULL_CONVERSION = YES;
				CLANG_WARN_OBJC_IMPLICIT_RETAIN_SELF = YES;
				CLANG_WARN_OBJC_LITERAL_CONVERSION = YES;
				CLANG_WARN_OBJC_ROOT_CLASS = YES_ERROR;
				CLANG_WARN_RANGE_LOOP_ANALYSIS = YES;
				CLANG_WARN_STRICT_PROTOTYPES = YES;
				CLANG_WARN_SUSPICIOUS_MOVE = YES;
				CLANG_WARN_UNGUARDED_AVAILABILITY = YES_AGGRESSIVE;
				CLANG_WARN_UNREACHABLE_CODE = YES;
				CLANG_WARN__DUPLICATE_METHOD_MATCH = YES;
				CODE_SIGN_IDENTITY = "iPhone Developer";
				COPY_PHASE_STRIP = NO;
				DEBUG_INFORMATION_FORMAT = "dwarf-with-dsym";
				ENABLE_NS_ASSERTIONS = NO;
				ENABLE_STRICT_OBJC_MSGSEND = YES;
				GCC_C_LANGUAGE_STANDARD = gnu11;
				GCC_NO_COMMON_BLOCKS = YES;
				GCC_WARN_64_TO_32_BIT_CONVERSION = YES;
				GCC_WARN_ABOUT_RETURN_TYPE = YES_ERROR;
				GCC_WARN_UNDECLARED_SELECTOR = YES;
				GCC_WARN_UNINITIALIZED_AUTOS = YES_AGGRESSIVE;
				GCC_WARN_UNUSED_FUNCTION = YES;
				GCC_WARN_UNUSED_VARIABLE = YES;
				IPHONEOS_DEPLOYMENT_TARGET = 11.3;
				MTL_ENABLE_DEBUG_INFO = NO;
				SDKROOT = iphoneos;
				VALIDATE_PRODUCT = YES;
			};
			name = Release;
		};
		3666D65720A1A07100EC030F /* Debug */ = {
			isa = XCBuildConfiguration;
			baseConfigurationReference = 070DB117ABB53E9BC79F69DE /* Pods-SWBasePagingQueryModel.debug.xcconfig */;
			buildSettings = {
				ASSETCATALOG_COMPILER_APPICON_NAME = AppIcon;
				CODE_SIGN_STYLE = Automatic;
				DEVELOPMENT_TEAM = G75M8TE39H;
				INFOPLIST_FILE = SWBasePagingQueryModel/Info.plist;
				IPHONEOS_DEPLOYMENT_TARGET = 8.0;
				LD_RUNPATH_SEARCH_PATHS = (
					"$(inherited)",
					"@executable_path/Frameworks",
				);
				PRODUCT_BUNDLE_IDENTIFIER = com.sw.SWBasePagingQueryModel;
				PRODUCT_NAME = "$(TARGET_NAME)";
				TARGETED_DEVICE_FAMILY = "1,2";
			};
			name = Debug;
		};
		3666D65820A1A07100EC030F /* Release */ = {
			isa = XCBuildConfiguration;
			baseConfigurationReference = BDE4DCF65DF48AB5ACC7352A /* Pods-SWBasePagingQueryModel.release.xcconfig */;
			buildSettings = {
				ASSETCATALOG_COMPILER_APPICON_NAME = AppIcon;
				CODE_SIGN_STYLE = Automatic;
				DEVELOPMENT_TEAM = G75M8TE39H;
				INFOPLIST_FILE = SWBasePagingQueryModel/Info.plist;
				IPHONEOS_DEPLOYMENT_TARGET = 8.0;
				LD_RUNPATH_SEARCH_PATHS = (
					"$(inherited)",
					"@executable_path/Frameworks",
				);
				PRODUCT_BUNDLE_IDENTIFIER = com.sw.SWBasePagingQueryModel;
				PRODUCT_NAME = "$(TARGET_NAME)";
				TARGETED_DEVICE_FAMILY = "1,2";
			};
			name = Release;
		};
/* End XCBuildConfiguration section */

/* Begin XCConfigurationList section */
		3666D63B20A1A06F00EC030F /* Build configuration list for PBXProject "SWBasePagingQueryModel" */ = {
			isa = XCConfigurationList;
			buildConfigurations = (
				3666D65420A1A07100EC030F /* Debug */,
				3666D65520A1A07100EC030F /* Release */,
			);
			defaultConfigurationIsVisible = 0;
			defaultConfigurationName = Release;
		};
		3666D65620A1A07100EC030F /* Build configuration list for PBXNativeTarget "SWBasePagingQueryModel" */ = {
			isa = XCConfigurationList;
			buildConfigurations = (
				3666D65720A1A07100EC030F /* Debug */,
				3666D65820A1A07100EC030F /* Release */,
			);
			defaultConfigurationIsVisible = 0;
			defaultConfigurationName = Release;
		};
/* End XCConfigurationList section */
	};
	rootObject = 3666D63820A1A06F00EC030F /* Project object */;
}
